// !$*UTF8*$!
{
	archiveVersion = 1;
	classes = {
	};
	objectVersion = 46;
	objects = {

/* Begin PBXBuildFile section */
		35F0ADE81EA6E44100840185 /* AboutWindow.swift in Sources */ = {isa = PBXBuildFile; fileRef = 35F0ADE61EA6E44100840185 /* AboutWindow.swift */; };
		35F0ADE91EA6E44100840185 /* AboutWindow.xib in Resources */ = {isa = PBXBuildFile; fileRef = 35F0ADE71EA6E44100840185 /* AboutWindow.xib */; };
		35FD1DE81EA66E840084A284 /* AppDelegate.swift in Sources */ = {isa = PBXBuildFile; fileRef = 35FD1DE71EA66E840084A284 /* AppDelegate.swift */; };
		35FD1DEA1EA66E840084A284 /* Assets.xcassets in Resources */ = {isa = PBXBuildFile; fileRef = 35FD1DE91EA66E840084A284 /* Assets.xcassets */; };
		35FD1DED1EA66E840084A284 /* MainMenu.xib in Resources */ = {isa = PBXBuildFile; fileRef = 35FD1DEB1EA66E840084A284 /* MainMenu.xib */; };
		35FD1DF51EA675F50084A284 /* SenecaLoginController.swift in Sources */ = {isa = PBXBuildFile; fileRef = 35FD1DF41EA675F50084A284 /* SenecaLoginController.swift */; };
		35FD1DF81EA6812E0084A284 /* PreferencesWindow.swift in Sources */ = {isa = PBXBuildFile; fileRef = 35FD1DF61EA6812E0084A284 /* PreferencesWindow.swift */; };
		35FD1DF91EA6812E0084A284 /* PreferencesWindow.xib in Resources */ = {isa = PBXBuildFile; fileRef = 35FD1DF71EA6812E0084A284 /* PreferencesWindow.xib */; };
		A1B774A81EA9AC0E00715CBC /* AppDelegate.m in Sources */ = {isa = PBXBuildFile; fileRef = A1B774A71EA9AC0E00715CBC /* AppDelegate.m */; };
		A1B774AB1EA9AC0E00715CBC /* main.m in Sources */ = {isa = PBXBuildFile; fileRef = A1B774AA1EA9AC0E00715CBC /* main.m */; };
		A1B774B01EA9AC0E00715CBC /* Assets.xcassets in Resources */ = {isa = PBXBuildFile; fileRef = A1B774AF1EA9AC0E00715CBC /* Assets.xcassets */; };
		A1B774B31EA9AC0E00715CBC /* Main.storyboard in Resources */ = {isa = PBXBuildFile; fileRef = A1B774B11EA9AC0E00715CBC /* Main.storyboard */; };
		A1B774B81EA9AC9F00715CBC /* seneca helper.app in CopyFiles */ = {isa = PBXBuildFile; fileRef = A1B774A41EA9AC0E00715CBC /* seneca helper.app */; settings = {ATTRIBUTES = (RemoveHeadersOnCopy, ); }; };
/* End PBXBuildFile section */

/* Begin PBXCopyFilesBuildPhase section */
		A1B7749E1EA9A75C00715CBC /* CopyFiles */ = {
			isa = PBXCopyFilesBuildPhase;
			buildActionMask = 2147483647;
			dstPath = Contents/Library/LoginItems;
			dstSubfolderSpec = 1;
			files = (
				A1B774B81EA9AC9F00715CBC /* seneca helper.app in CopyFiles */,
			);
			runOnlyForDeploymentPostprocessing = 0;
		};
/* End PBXCopyFilesBuildPhase section */

/* Begin PBXFileReference section */
		35F0ADE61EA6E44100840185 /* AboutWindow.swift */ = {isa = PBXFileReference; fileEncoding = 4; lastKnownFileType = sourcecode.swift; path = AboutWindow.swift; sourceTree = "<group>"; };
		35F0ADE71EA6E44100840185 /* AboutWindow.xib */ = {isa = PBXFileReference; fileEncoding = 4; lastKnownFileType = file.xib; path = AboutWindow.xib; sourceTree = "<group>"; };
		35FD1DE41EA66E840084A284 /* seneca.app */ = {isa = PBXFileReference; explicitFileType = wrapper.application; includeInIndex = 0; path = seneca.app; sourceTree = BUILT_PRODUCTS_DIR; };
		35FD1DE71EA66E840084A284 /* AppDelegate.swift */ = {isa = PBXFileReference; lastKnownFileType = sourcecode.swift; path = AppDelegate.swift; sourceTree = "<group>"; };
		35FD1DE91EA66E840084A284 /* Assets.xcassets */ = {isa = PBXFileReference; lastKnownFileType = folder.assetcatalog; path = Assets.xcassets; sourceTree = "<group>"; };
		35FD1DEC1EA66E840084A284 /* Base */ = {isa = PBXFileReference; lastKnownFileType = file.xib; name = Base; path = Base.lproj/MainMenu.xib; sourceTree = "<group>"; };
		35FD1DEE1EA66E840084A284 /* Info.plist */ = {isa = PBXFileReference; lastKnownFileType = text.plist.xml; path = Info.plist; sourceTree = "<group>"; };
		35FD1DF41EA675F50084A284 /* SenecaLoginController.swift */ = {isa = PBXFileReference; fileEncoding = 4; lastKnownFileType = sourcecode.swift; path = SenecaLoginController.swift; sourceTree = "<group>"; };
		35FD1DF61EA6812E0084A284 /* PreferencesWindow.swift */ = {isa = PBXFileReference; fileEncoding = 4; lastKnownFileType = sourcecode.swift; path = PreferencesWindow.swift; sourceTree = "<group>"; };
		35FD1DF71EA6812E0084A284 /* PreferencesWindow.xib */ = {isa = PBXFileReference; fileEncoding = 4; lastKnownFileType = file.xib; path = PreferencesWindow.xib; sourceTree = "<group>"; };
		A1B774A41EA9AC0E00715CBC /* seneca helper.app */ = {isa = PBXFileReference; explicitFileType = wrapper.application; includeInIndex = 0; path = "seneca helper.app"; sourceTree = BUILT_PRODUCTS_DIR; };
		A1B774A61EA9AC0E00715CBC /* AppDelegate.h */ = {isa = PBXFileReference; lastKnownFileType = sourcecode.c.h; path = AppDelegate.h; sourceTree = "<group>"; };
		A1B774A71EA9AC0E00715CBC /* AppDelegate.m */ = {isa = PBXFileReference; lastKnownFileType = sourcecode.c.objc; path = AppDelegate.m; sourceTree = "<group>"; };
		A1B774AA1EA9AC0E00715CBC /* main.m */ = {isa = PBXFileReference; lastKnownFileType = sourcecode.c.objc; path = main.m; sourceTree = "<group>"; };
		A1B774AF1EA9AC0E00715CBC /* Assets.xcassets */ = {isa = PBXFileReference; lastKnownFileType = folder.assetcatalog; path = Assets.xcassets; sourceTree = "<group>"; };
		A1B774B21EA9AC0E00715CBC /* Base */ = {isa = PBXFileReference; lastKnownFileType = file.storyboard; name = Base; path = Base.lproj/Main.storyboard; sourceTree = "<group>"; };
		A1B774B41EA9AC0E00715CBC /* Info.plist */ = {isa = PBXFileReference; lastKnownFileType = text.plist.xml; path = Info.plist; sourceTree = "<group>"; };
/* End PBXFileReference section */

/* Begin PBXFrameworksBuildPhase section */
		35FD1DE11EA66E840084A284 /* Frameworks */ = {
			isa = PBXFrameworksBuildPhase;
			buildActionMask = 2147483647;
			files = (
			);
			runOnlyForDeploymentPostprocessing = 0;
		};
		A1B774A11EA9AC0E00715CBC /* Frameworks */ = {
			isa = PBXFrameworksBuildPhase;
			buildActionMask = 2147483647;
			files = (
			);
			runOnlyForDeploymentPostprocessing = 0;
		};
/* End PBXFrameworksBuildPhase section */

/* Begin PBXGroup section */
		35FD1DDB1EA66E840084A284 = {
			isa = PBXGroup;
			children = (
				35FD1DE61EA66E840084A284 /* seneca */,
				A1B774A51EA9AC0E00715CBC /* seneca helper */,
				35FD1DE51EA66E840084A284 /* Products */,
				A10B69041EBC57BA006F3F8C /* Frameworks */,
			);
			sourceTree = "<group>";
		};
		35FD1DE51EA66E840084A284 /* Products */ = {
			isa = PBXGroup;
			children = (
				35FD1DE41EA66E840084A284 /* seneca.app */,
				A1B774A41EA9AC0E00715CBC /* seneca helper.app */,
			);
			name = Products;
			sourceTree = "<group>";
		};
		35FD1DE61EA66E840084A284 /* seneca */ = {
			isa = PBXGroup;
			children = (
				35FD1DE71EA66E840084A284 /* AppDelegate.swift */,
				35FD1DF61EA6812E0084A284 /* PreferencesWindow.swift */,
				35F0ADE61EA6E44100840185 /* AboutWindow.swift */,
				35FD1DF41EA675F50084A284 /* SenecaLoginController.swift */,
				35FD1DE91EA66E840084A284 /* Assets.xcassets */,
				35FD1DEB1EA66E840084A284 /* MainMenu.xib */,
				35F0ADE71EA6E44100840185 /* AboutWindow.xib */,
				35FD1DF71EA6812E0084A284 /* PreferencesWindow.xib */,
				35FD1DEE1EA66E840084A284 /* Info.plist */,
			);
			path = seneca;
			sourceTree = "<group>";
		};
		A10B69041EBC57BA006F3F8C /* Frameworks */ = {
			isa = PBXGroup;
			children = (
			);
			name = Frameworks;
			sourceTree = "<group>";
		};
		A1B774A51EA9AC0E00715CBC /* seneca helper */ = {
			isa = PBXGroup;
			children = (
				A1B774A61EA9AC0E00715CBC /* AppDelegate.h */,
				A1B774A71EA9AC0E00715CBC /* AppDelegate.m */,
				A1B774AF1EA9AC0E00715CBC /* Assets.xcassets */,
				A1B774B11EA9AC0E00715CBC /* Main.storyboard */,
				A1B774B41EA9AC0E00715CBC /* Info.plist */,
				A1B774A91EA9AC0E00715CBC /* Supporting Files */,
			);
			path = "seneca helper";
			sourceTree = "<group>";
		};
		A1B774A91EA9AC0E00715CBC /* Supporting Files */ = {
			isa = PBXGroup;
			children = (
				A1B774AA1EA9AC0E00715CBC /* main.m */,
			);
			name = "Supporting Files";
			sourceTree = "<group>";
		};
/* End PBXGroup section */

/* Begin PBXNativeTarget section */
		35FD1DE31EA66E840084A284 /* seneca */ = {
			isa = PBXNativeTarget;
			buildConfigurationList = 35FD1DF11EA66E840084A284 /* Build configuration list for PBXNativeTarget "seneca" */;
			buildPhases = (
				35FD1DE01EA66E840084A284 /* Sources */,
				35FD1DE11EA66E840084A284 /* Frameworks */,
				35FD1DE21EA66E840084A284 /* Resources */,
				A1B7749E1EA9A75C00715CBC /* CopyFiles */,
			);
			buildRules = (
			);
			dependencies = (
			);
			name = seneca;
			productName = seneca;
			productReference = 35FD1DE41EA66E840084A284 /* seneca.app */;
			productType = "com.apple.product-type.application";
		};
		A1B774A31EA9AC0E00715CBC /* seneca helper */ = {
			isa = PBXNativeTarget;
			buildConfigurationList = A1B774B51EA9AC0E00715CBC /* Build configuration list for PBXNativeTarget "seneca helper" */;
			buildPhases = (
				A1B774A01EA9AC0E00715CBC /* Sources */,
				A1B774A11EA9AC0E00715CBC /* Frameworks */,
				A1B774A21EA9AC0E00715CBC /* Resources */,
			);
			buildRules = (
			);
			dependencies = (
			);
			name = "seneca helper";
			productName = "seneca helper";
			productReference = A1B774A41EA9AC0E00715CBC /* seneca helper.app */;
			productType = "com.apple.product-type.application";
		};
/* End PBXNativeTarget section */

/* Begin PBXProject section */
		35FD1DDC1EA66E840084A284 /* Project object */ = {
			isa = PBXProject;
			attributes = {
				LastSwiftUpdateCheck = 0830;
				LastUpgradeCheck = 0820;
				ORGANIZATIONNAME = "Sebastian Camilo Valencia";
				TargetAttributes = {
					35FD1DE31EA66E840084A284 = {
						CreatedOnToolsVersion = 8.2.1;
						DevelopmentTeam = SLF4JZ244S;
						ProvisioningStyle = Automatic;
						SystemCapabilities = {
							com.apple.NetworkExtensions = {
								enabled = 0;
							};
							com.apple.Sandbox = {
								enabled = 0;
							};
						};
					};
					A1B774A31EA9AC0E00715CBC = {
						CreatedOnToolsVersion = 8.3.1;
						DevelopmentTeam = SLF4JZ244S;
						ProvisioningStyle = Automatic;
						SystemCapabilities = {
							com.apple.Sandbox = {
								enabled = 0;
							};
						};
					};
				};
			};
			buildConfigurationList = 35FD1DDF1EA66E840084A284 /* Build configuration list for PBXProject "seneca" */;
			compatibilityVersion = "Xcode 3.2";
			developmentRegion = English;
			hasScannedForEncodings = 0;
			knownRegions = (
				en,
				Base,
			);
			mainGroup = 35FD1DDB1EA66E840084A284;
			productRefGroup = 35FD1DE51EA66E840084A284 /* Products */;
			projectDirPath = "";
			projectRoot = "";
			targets = (
				35FD1DE31EA66E840084A284 /* seneca */,
				A1B774A31EA9AC0E00715CBC /* seneca helper */,
			);
		};
/* End PBXProject section */

/* Begin PBXResourcesBuildPhase section */
		35FD1DE21EA66E840084A284 /* Resources */ = {
			isa = PBXResourcesBuildPhase;
			buildActionMask = 2147483647;
			files = (
				35FD1DEA1EA66E840084A284 /* Assets.xcassets in Resources */,
				35FD1DF91EA6812E0084A284 /* PreferencesWindow.xib in Resources */,
				35FD1DED1EA66E840084A284 /* MainMenu.xib in Resources */,
				35F0ADE91EA6E44100840185 /* AboutWindow.xib in Resources */,
			);
			runOnlyForDeploymentPostprocessing = 0;
		};
		A1B774A21EA9AC0E00715CBC /* Resources */ = {
			isa = PBXResourcesBuildPhase;
			buildActionMask = 2147483647;
			files = (
				A1B774B01EA9AC0E00715CBC /* Assets.xcassets in Resources */,
				A1B774B31EA9AC0E00715CBC /* Main.storyboard in Resources */,
			);
			runOnlyForDeploymentPostprocessing = 0;
		};
/* End PBXResourcesBuildPhase section */

/* Begin PBXSourcesBuildPhase section */
		35FD1DE01EA66E840084A284 /* Sources */ = {
			isa = PBXSourcesBuildPhase;
			buildActionMask = 2147483647;
			files = (
				35FD1DF51EA675F50084A284 /* SenecaLoginController.swift in Sources */,
				35FD1DF81EA6812E0084A284 /* PreferencesWindow.swift in Sources */,
				35FD1DE81EA66E840084A284 /* AppDelegate.swift in Sources */,
				35F0ADE81EA6E44100840185 /* AboutWindow.swift in Sources */,
			);
			runOnlyForDeploymentPostprocessing = 0;
		};
		A1B774A01EA9AC0E00715CBC /* Sources */ = {
			isa = PBXSourcesBuildPhase;
			buildActionMask = 2147483647;
			files = (
				A1B774AB1EA9AC0E00715CBC /* main.m in Sources */,
				A1B774A81EA9AC0E00715CBC /* AppDelegate.m in Sources */,
			);
			runOnlyForDeploymentPostprocessing = 0;
		};
/* End PBXSourcesBuildPhase section */

/* Begin PBXVariantGroup section */
		35FD1DEB1EA66E840084A284 /* MainMenu.xib */ = {
			isa = PBXVariantGroup;
			children = (
				35FD1DEC1EA66E840084A284 /* Base */,
			);
			name = MainMenu.xib;
			sourceTree = "<group>";
		};
		A1B774B11EA9AC0E00715CBC /* Main.storyboard */ = {
			isa = PBXVariantGroup;
			children = (
				A1B774B21EA9AC0E00715CBC /* Base */,
			);
			name = Main.storyboard;
			sourceTree = "<group>";
		};
/* End PBXVariantGroup section */

/* Begin XCBuildConfiguration section */
		35FD1DEF1EA66E840084A284 /* Debug */ = {
			isa = XCBuildConfiguration;
			buildSettings = {
				ALWAYS_SEARCH_USER_PATHS = NO;
				CLANG_ANALYZER_NONNULL = YES;
				CLANG_CXX_LANGUAGE_STANDARD = "gnu++0x";
				CLANG_CXX_LIBRARY = "libc++";
				CLANG_ENABLE_MODULES = YES;
				CLANG_ENABLE_OBJC_ARC = YES;
				CLANG_WARN_BOOL_CONVERSION = YES;
				CLANG_WARN_CONSTANT_CONVERSION = YES;
				CLANG_WARN_DIRECT_OBJC_ISA_USAGE = YES_ERROR;
				CLANG_WARN_DOCUMENTATION_COMMENTS = YES;
				CLANG_WARN_EMPTY_BODY = YES;
				CLANG_WARN_ENUM_CONVERSION = YES;
				CLANG_WARN_INFINITE_RECURSION = YES;
				CLANG_WARN_INT_CONVERSION = YES;
				CLANG_WARN_OBJC_ROOT_CLASS = YES_ERROR;
				CLANG_WARN_SUSPICIOUS_MOVE = YES;
				CLANG_WARN_UNREACHABLE_CODE = YES;
				CLANG_WARN__DUPLICATE_METHOD_MATCH = YES;
				CODE_SIGN_IDENTITY = "-";
				COPY_PHASE_STRIP = NO;
				DEBUG_INFORMATION_FORMAT = dwarf;
				ENABLE_STRICT_OBJC_MSGSEND = YES;
				ENABLE_TESTABILITY = YES;
				GCC_C_LANGUAGE_STANDARD = gnu99;
				GCC_DYNAMIC_NO_PIC = NO;
				GCC_NO_COMMON_BLOCKS = YES;
				GCC_OPTIMIZATION_LEVEL = 0;
				GCC_PREPROCESSOR_DEFINITIONS = (
					"DEBUG=1",
					"$(inherited)",
				);
				GCC_WARN_64_TO_32_BIT_CONVERSION = YES;
				GCC_WARN_ABOUT_RETURN_TYPE = YES_ERROR;
				GCC_WARN_UNDECLARED_SELECTOR = YES;
				GCC_WARN_UNINITIALIZED_AUTOS = YES_AGGRESSIVE;
				GCC_WARN_UNUSED_FUNCTION = YES;
				GCC_WARN_UNUSED_VARIABLE = YES;
				MACOSX_DEPLOYMENT_TARGET = 10.11;
				MTL_ENABLE_DEBUG_INFO = YES;
				ONLY_ACTIVE_ARCH = YES;
				SDKROOT = macosx;
				SWIFT_ACTIVE_COMPILATION_CONDITIONS = DEBUG;
				SWIFT_OPTIMIZATION_LEVEL = "-Onone";
			};
			name = Debug;
		};
		35FD1DF01EA66E840084A284 /* Release */ = {
			isa = XCBuildConfiguration;
			buildSettings = {
				ALWAYS_SEARCH_USER_PATHS = NO;
				CLANG_ANALYZER_NONNULL = YES;
				CLANG_CXX_LANGUAGE_STANDARD = "gnu++0x";
				CLANG_CXX_LIBRARY = "libc++";
				CLANG_ENABLE_MODULES = YES;
				CLANG_ENABLE_OBJC_ARC = YES;
				CLANG_WARN_BOOL_CONVERSION = YES;
				CLANG_WARN_CONSTANT_CONVERSION = YES;
				CLANG_WARN_DIRECT_OBJC_ISA_USAGE = YES_ERROR;
				CLANG_WARN_DOCUMENTATION_COMMENTS = YES;
				CLANG_WARN_EMPTY_BODY = YES;
				CLANG_WARN_ENUM_CONVERSION = YES;
				CLANG_WARN_INFINITE_RECURSION = YES;
				CLANG_WARN_INT_CONVERSION = YES;
				CLANG_WARN_OBJC_ROOT_CLASS = YES_ERROR;
				CLANG_WARN_SUSPICIOUS_MOVE = YES;
				CLANG_WARN_UNREACHABLE_CODE = YES;
				CLANG_WARN__DUPLICATE_METHOD_MATCH = YES;
				CODE_SIGN_IDENTITY = "-";
				COPY_PHASE_STRIP = NO;
				DEBUG_INFORMATION_FORMAT = "dwarf-with-dsym";
				ENABLE_NS_ASSERTIONS = NO;
				ENABLE_STRICT_OBJC_MSGSEND = YES;
				GCC_C_LANGUAGE_STANDARD = gnu99;
				GCC_NO_COMMON_BLOCKS = YES;
				GCC_WARN_64_TO_32_BIT_CONVERSION = YES;
				GCC_WARN_ABOUT_RETURN_TYPE = YES_ERROR;
				GCC_WARN_UNDECLARED_SELECTOR = YES;
				GCC_WARN_UNINITIALIZED_AUTOS = YES_AGGRESSIVE;
				GCC_WARN_UNUSED_FUNCTION = YES;
				GCC_WARN_UNUSED_VARIABLE = YES;
				MACOSX_DEPLOYMENT_TARGET = 10.11;
				MTL_ENABLE_DEBUG_INFO = NO;
				SDKROOT = macosx;
				SWIFT_OPTIMIZATION_LEVEL = "-Owholemodule";
			};
			name = Release;
		};
		35FD1DF21EA66E840084A284 /* Debug */ = {
			isa = XCBuildConfiguration;
			buildSettings = {
				ASSETCATALOG_COMPILER_APPICON_NAME = AppIcon;
				CODE_SIGN_ENTITLEMENTS = "";
				CODE_SIGN_IDENTITY = "Mac Developer";
				COMBINE_HIDPI_IMAGES = YES;
				DEVELOPMENT_TEAM = SLF4JZ244S;
				INFOPLIST_FILE = seneca/Info.plist;
				LD_RUNPATH_SEARCH_PATHS = "$(inherited) @executable_path/../Frameworks";
				PRODUCT_BUNDLE_IDENTIFIER = co.edu.uniandes.seneca;
				PRODUCT_NAME = "$(TARGET_NAME)";
				PROVISIONING_PROFILE_SPECIFIER = "";
				SKIP_INSTALL = NO;
				SWIFT_VERSION = 3.0;
			};
			name = Debug;
		};
		35FD1DF31EA66E840084A284 /* Release */ = {
			isa = XCBuildConfiguration;
			buildSettings = {
				ASSETCATALOG_COMPILER_APPICON_NAME = AppIcon;
				CODE_SIGN_ENTITLEMENTS = "";
				CODE_SIGN_IDENTITY = "Mac Developer";
				COMBINE_HIDPI_IMAGES = YES;
				DEVELOPMENT_TEAM = SLF4JZ244S;
				INFOPLIST_FILE = seneca/Info.plist;
				LD_RUNPATH_SEARCH_PATHS = "$(inherited) @executable_path/../Frameworks";
				PRODUCT_BUNDLE_IDENTIFIER = co.edu.uniandes.seneca;
				PRODUCT_NAME = "$(TARGET_NAME)";
				PROVISIONING_PROFILE_SPECIFIER = "";
				SKIP_INSTALL = NO;
				SWIFT_VERSION = 3.0;
			};
			name = Release;
		};
		A1B774B61EA9AC0E00715CBC /* Debug */ = {
			isa = XCBuildConfiguration;
			buildSettings = {
				ASSETCATALOG_COMPILER_APPICON_NAME = AppIcon;
				CLANG_ANALYZER_NUMBER_OBJECT_CONVERSION = YES_AGGRESSIVE;
				CODE_SIGN_ENTITLEMENTS = "";
				CODE_SIGN_IDENTITY = "Mac Developer";
				COMBINE_HIDPI_IMAGES = YES;
				DEVELOPMENT_TEAM = SLF4JZ244S;
				INFOPLIST_FILE = "seneca helper/Info.plist";
				LD_RUNPATH_SEARCH_PATHS = "$(inherited) @executable_path/../Frameworks";
				MACOSX_DEPLOYMENT_TARGET = 10.11;
				PRODUCT_BUNDLE_IDENTIFIER = "co.edu.uniandes.seneca-helper";
				PRODUCT_NAME = "$(TARGET_NAME)";
				PROVISIONING_PROFILE_SPECIFIER = "";
				SKIP_INSTALL = YES;
			};
			name = Debug;
		};
		A1B774B71EA9AC0E00715CBC /* Release */ = {
			isa = XCBuildConfiguration;
			buildSettings = {
				ASSETCATALOG_COMPILER_APPICON_NAME = AppIcon;
				CLANG_ANALYZER_NUMBER_OBJECT_CONVERSION = YES_AGGRESSIVE;
				CODE_SIGN_ENTITLEMENTS = "";
				CODE_SIGN_IDENTITY = "Mac Developer";
				COMBINE_HIDPI_IMAGES = YES;
				DEVELOPMENT_TEAM = SLF4JZ244S;
				INFOPLIST_FILE = "seneca helper/Info.plist";
				LD_RUNPATH_SEARCH_PATHS = "$(inherited) @executable_path/../Frameworks";
				MACOSX_DEPLOYMENT_TARGET = 10.11;
				PRODUCT_BUNDLE_IDENTIFIER = "co.edu.uniandes.seneca-helper";
				PRODUCT_NAME = "$(TARGET_NAME)";
				PROVISIONING_PROFILE_SPECIFIER = "";
				SKIP_INSTALL = YES;
			};
			name = Release;
		};
/* End XCBuildConfiguration section */

/* Begin XCConfigurationList section */
		35FD1DDF1EA66E840084A284 /* Build configuration list for PBXProject "seneca" */ = {
			isa = XCConfigurationList;
			buildConfigurations = (
				35FD1DEF1EA66E840084A284 /* Debug */,
				35FD1DF01EA66E840084A284 /* Release */,
			);
			defaultConfigurationIsVisible = 0;
			defaultConfigurationName = Release;
		};
		35FD1DF11EA66E840084A284 /* Build configuration list for PBXNativeTarget "seneca" */ = {
			isa = XCConfigurationList;
			buildConfigurations = (
				35FD1DF21EA66E840084A284 /* Debug */,
				35FD1DF31EA66E840084A284 /* Release */,
			);
			defaultConfigurationIsVisible = 0;
			defaultConfigurationName = Release;
		};
		A1B774B51EA9AC0E00715CBC /* Build configuration list for PBXNativeTarget "seneca helper" */ = {
			isa = XCConfigurationList;
			buildConfigurations = (
				A1B774B61EA9AC0E00715CBC /* Debug */,
				A1B774B71EA9AC0E00715CBC /* Release */,
			);
			defaultConfigurationIsVisible = 0;
			defaultConfigurationName = Release;
		};
/* End XCConfigurationList section */
	};
	rootObject = 35FD1DDC1EA66E840084A284 /* Project object */;
}
